# This file is automatically @generated by Cargo.
# It is not intended for manual editing.
version = 3

[[package]]
name = "adler"
version = "1.0.2"
source = "registry+https://github.com/rust-lang/crates.io-index"
checksum = "f26201604c87b1e01bd3d98f8d5d9a8fcbb815e8cedb41ffccbeb4bf593a35fe"

[[package]]
name = "aho-corasick"
version = "0.6.5"
source = "registry+https://github.com/rust-lang/crates.io-index"
checksum = "f0ba20154ea1f47ce2793322f049c5646cc6d0fa9759d5f333f286e507bf8080"
dependencies = [
 "memchr",
]

[[package]]
name = "ansi_term"
version = "0.11.0"
source = "registry+https://github.com/rust-lang/crates.io-index"
checksum = "ee49baf6cb617b853aa8d93bf420db2383fab46d314482ca2803b40d5fde979b"
dependencies = [
 "winapi 0.3.5",
]

[[package]]
name = "antidote"
version = "1.0.0"
source = "registry+https://github.com/rust-lang/crates.io-index"
checksum = "34fde25430d87a9388dadbe6e34d7f72a462c8b43ac8d309b42b0a8505d7e2a5"

[[package]]
name = "arrayvec"
version = "0.4.7"
source = "registry+https://github.com/rust-lang/crates.io-index"
checksum = "a1e964f9e24d588183fcb43503abda40d288c8657dfc27311516ce2f05675aef"
dependencies = [
 "nodrop",
]

[[package]]
name = "atty"
version = "0.2.10"
source = "registry+https://github.com/rust-lang/crates.io-index"
checksum = "2fc4a1aa4c24c0718a250f0681885c1af91419d242f29eb8f2ab28502d80dbd1"
dependencies = [
 "libc",
 "termion",
 "winapi 0.3.5",
]

[[package]]
name = "backtrace"
version = "0.3.9"
source = "registry+https://github.com/rust-lang/crates.io-index"
checksum = "89a47830402e9981c5c41223151efcced65a0510c13097c769cede7efb34782a"
dependencies = [
 "backtrace-sys",
 "cfg-if 0.1.4",
 "libc",
 "rustc-demangle",
 "winapi 0.3.5",
]

[[package]]
name = "backtrace-sys"
version = "0.1.23"
source = "registry+https://github.com/rust-lang/crates.io-index"
checksum = "bff67d0c06556c0b8e6b5f090f0eac52d950d9dfd1d35ba04e4ca3543eaf6a7e"
dependencies = [
 "cc",
 "libc",
]

[[package]]
name = "base64"
version = "0.9.2"
source = "registry+https://github.com/rust-lang/crates.io-index"
checksum = "85415d2594767338a74a30c1d370b2f3262ec1b4ed2d7bba5b3faf4de40467d9"
dependencies = [
 "byteorder",
 "safemem",
]

[[package]]
name = "bitflags"
version = "1.0.3"
source = "registry+https://github.com/rust-lang/crates.io-index"
checksum = "d0c54bb8f454c567f21197eefcdbf5679d0bd99f2ddbe52e84c77061952e6789"

[[package]]
name = "byteorder"
version = "1.2.3"
source = "registry+https://github.com/rust-lang/crates.io-index"
checksum = "74c0b906e9446b0a2e4f760cdb3fa4b2c48cdc6db8766a845c54b6ff063fd2e9"

[[package]]
name = "bytes"
version = "0.4.8"
source = "registry+https://github.com/rust-lang/crates.io-index"
checksum = "7dd32989a66957d3f0cba6588f15d4281a733f4e9ffc43fcd2385f57d3bf99ff"
dependencies = [
 "byteorder",
 "iovec",
]

[[package]]
name = "cc"
version = "1.0.17"
source = "registry+https://github.com/rust-lang/crates.io-index"
checksum = "49ec142f5768efb5b7622aebc3fdbdbb8950a4b9ba996393cb76ef7466e8747d"

[[package]]
name = "cfg-if"
version = "0.1.4"
source = "registry+https://github.com/rust-lang/crates.io-index"
checksum = "efe5c877e17a9c717a0bf3613b2709f723202c4e4675cc8f12926ded29bcb17e"

[[package]]
name = "cfg-if"
version = "1.0.0"
source = "registry+https://github.com/rust-lang/crates.io-index"
checksum = "baf1de4339761588bc0619e3cbc0120ee582ebb74b53b4efbf79117bd2da40fd"

[[package]]
name = "chrono"
version = "0.4.4"
source = "registry+https://github.com/rust-lang/crates.io-index"
checksum = "6962c635d530328acc53ac6a955e83093fedc91c5809dfac1fa60fa470830a37"
dependencies = [
 "num-integer",
 "num-traits 0.2.5",
 "serde",
 "time",
]

[[package]]
name = "cloudabi"
version = "0.0.3"
source = "registry+https://github.com/rust-lang/crates.io-index"
checksum = "ddfc5b9aa5d4507acaf872de71051dfd0e309860e88966e1051e462a077aac4f"
dependencies = [
 "bitflags",
]

[[package]]
name = "conjure-verification-client"
version = "0.1.0"
dependencies = [
 "bytes",
 "conjure-verification-common",
 "conjure-verification-error",
 "conjure-verification-error-derive",
 "conjure-verification-http",
 "conjure-verification-http-client",
 "conjure-verification-http-server",
 "derive-new",
 "derive_more",
 "either",
 "futures",
 "http",
 "hyper",
 "itertools",
 "lazy_static",
 "log",
 "mime",
 "pretty_assertions",
 "pretty_env_logger",
 "serde",
 "serde-conjure",
 "serde-conjure-derive",
 "serde-value",
 "serde_derive",
 "serde_json",
 "serde_plain",
 "serde_yaml",
 "tokio",
 "typed-headers",
 "url",
 "uuid",
 "zipkin",
]

[[package]]
name = "conjure-verification-common"
version = "0.1.0"
dependencies = [
 "base64",
 "chrono",
 "conjure-verification-error",
 "conjure-verification-error-derive",
 "derive-new",
 "derive_more",
 "either",
 "itertools",
 "serde",
 "serde-conjure",
 "serde-conjure-derive",
 "serde-value",
 "serde_derive",
 "serde_json",
 "serde_plain",
 "serde_yaml",
 "uuid",
]

[[package]]
name = "conjure-verification-error"
version = "0.1.0"
dependencies = [
 "backtrace",
 "conjure-verification-error-derive",
 "itertools",
 "lazy_static",
 "regex",
 "serde",
 "serde_derive",
 "serde_json",
 "serde_plain",
 "uuid",
]

[[package]]
name = "conjure-verification-error-derive"
version = "0.1.0"
dependencies = [
 "proc-macro2 0.4.6",
 "quote 0.6.3",
 "syn 0.14.4",
]

[[package]]
name = "conjure-verification-http"
version = "0.1.0"
dependencies = [
 "bytes",
 "conjure-verification-error",
 "conjure-verification-error-derive",
 "http",
 "lazy_static",
 "mime",
 "serde",
 "serde_json",
 "typed-headers",
 "url",
]

[[package]]
name = "conjure-verification-http-client"
version = "0.1.0"
dependencies = [
 "base64",
 "bytes",
 "conjure-verification-error",
 "conjure-verification-http-client-config",
 "crossbeam",
 "flate2",
 "futures",
 "http-zipkin",
 "hyper",
 "hyper-openssl",
 "lazy_static",
 "log",
 "mime",
 "openssl",
 "parking_lot",
 "rand 0.5.5",
 "regex",
 "serde",
 "serde_cbor",
 "serde_json",
 "serde_urlencoded",
 "state_machine_future",
 "tokio",
 "tokio-io",
 "tokio-io-timeout",
 "tokio-openssl",
 "tokio-threadpool",
 "typed-headers",
 "url",
 "zipkin",
]

[[package]]
name = "conjure-verification-http-client-config"
version = "0.10.0"
dependencies = [
 "serde",
 "serde-humantime",
 "serde_derive",
 "serde_json",
 "url",
 "url_serde",
]

[[package]]
name = "conjure-verification-http-server"
version = "0.1.0"
dependencies = [
 "bytes",
 "conjure-verification-error",
 "conjure-verification-error-derive",
 "conjure-verification-http",
 "flate2",
 "futures",
 "http",
 "hyper",
 "itertools",
 "lazy_static",
 "log",
 "mime",
 "route-recognizer",
 "serde",
 "serde_json",
 "tokio",
 "typed-headers",
 "url",
]

[[package]]
name = "conjure-verification-server"
version = "0.1.0"
dependencies = [
 "bytes",
 "conjure-verification-common",
 "conjure-verification-error",
 "conjure-verification-error-derive",
 "conjure-verification-http",
 "conjure-verification-http-server",
 "derive_more",
 "either",
 "futures",
 "http",
 "hyper",
 "itertools",
 "lazy_static",
 "log",
 "mime",
 "pretty_env_logger",
 "serde",
 "serde-conjure",
 "serde-conjure-derive",
 "serde_derive",
 "serde_json",
 "serde_plain",
 "serde_yaml",
 "typed-headers",
]

[[package]]
name = "crc32fast"
version = "1.3.2"
source = "registry+https://github.com/rust-lang/crates.io-index"
checksum = "b540bd8bc810d3885c6ea91e2018302f68baba2129ab3e88f32389ee9370880d"
dependencies = [
 "cfg-if 1.0.0",
]

[[package]]
name = "crossbeam"
version = "0.3.2"
source = "registry+https://github.com/rust-lang/crates.io-index"
checksum = "24ce9782d4d5c53674646a6a4c1863a21a8fc0cb649b3c94dfc16e45071dea19"

[[package]]
name = "crossbeam-deque"
version = "0.3.1"
source = "registry+https://github.com/rust-lang/crates.io-index"
checksum = "fe8153ef04a7594ded05b427ffad46ddeaf22e63fd48d42b3e1e3bb4db07cae7"
dependencies = [
 "crossbeam-epoch",
 "crossbeam-utils 0.3.2",
]

[[package]]
name = "crossbeam-epoch"
version = "0.4.3"
source = "registry+https://github.com/rust-lang/crates.io-index"
checksum = "2af0e75710d6181e234c8ecc79f14a97907850a541b13b0be1dd10992f2e4620"
dependencies = [
 "arrayvec",
 "cfg-if 0.1.4",
 "crossbeam-utils 0.3.2",
 "lazy_static",
 "memoffset",
 "scopeguard",
]

[[package]]
name = "crossbeam-utils"
version = "0.3.2"
source = "registry+https://github.com/rust-lang/crates.io-index"
checksum = "d636a8b3bcc1b409d7ffd3facef8f21dcb4009626adbd0c5e6c4305c07253c7b"
dependencies = [
 "cfg-if 0.1.4",
]

[[package]]
name = "crossbeam-utils"
version = "0.5.0"
source = "registry+https://github.com/rust-lang/crates.io-index"
checksum = "677d453a17e8bd2b913fa38e8b9cf04bcdbb5be790aa294f2389661d72036015"

[[package]]
name = "darling"
version = "0.8.0"
source = "registry+https://github.com/rust-lang/crates.io-index"
checksum = "7f000e7b03a0083a30e1f10b1428a530849c21e72b338fa76869b5dbc4b045bf"
dependencies = [
 "darling_core",
 "darling_macro",
]

[[package]]
name = "darling_core"
version = "0.8.0"
source = "registry+https://github.com/rust-lang/crates.io-index"
checksum = "86bc5ce438f4b703755d12f59bbf0a16c642766d4534e922db47569dbdd0b998"
dependencies = [
 "fnv",
 "ident_case",
 "proc-macro2 0.4.6",
 "quote 0.6.3",
 "syn 0.15.13",
]

[[package]]
name = "darling_macro"
version = "0.8.0"
source = "registry+https://github.com/rust-lang/crates.io-index"
checksum = "9973050ba46be2a2935a7b316147f41a808ac604b8f0fef6eba77fd47a89daeb"
dependencies = [
 "darling_core",
 "quote 0.6.3",
 "syn 0.15.13",
]

[[package]]
name = "data-encoding"
version = "2.1.1"
source = "registry+https://github.com/rust-lang/crates.io-index"
checksum = "67df0571a74bf0d97fb8b2ed22abdd9a48475c96bd327db968b7d9cace99655e"

[[package]]
name = "derive-new"
version = "0.5.6"
source = "registry+https://github.com/rust-lang/crates.io-index"
checksum = "6ca414e896ae072546f4d789f452daaecf60ddee4c9df5dc6d5936d769e3d87c"
dependencies = [
 "proc-macro2 0.4.6",
 "quote 0.6.3",
 "syn 0.15.13",
]

[[package]]
name = "derive_more"
version = "0.11.0"
source = "registry+https://github.com/rust-lang/crates.io-index"
checksum = "46c7f14685a20f5dd08e7f754f2ea8cc064d8f4214ae21116c106a2768ba7b9b"
dependencies = [
 "quote 0.5.2",
 "rustc_version",
 "syn 0.13.11",
]

[[package]]
name = "derive_state_machine_future"
version = "0.1.8"
source = "registry+https://github.com/rust-lang/crates.io-index"
checksum = "32c4adac64fe9b4807a7a51e126eadf3c2a10a3c3d1abe600454f0fa42dbe3e5"
dependencies = [
 "darling",
 "heck",
 "petgraph",
 "proc-macro2 0.4.6",
 "quote 0.6.3",
 "syn 0.15.13",
]

[[package]]
name = "difference"
version = "2.0.0"
source = "registry+https://github.com/rust-lang/crates.io-index"
checksum = "524cbf6897b527295dff137cec09ecf3a05f4fddffd7dfcd1585403449e74198"

[[package]]
name = "dtoa"
version = "0.4.3"
source = "registry+https://github.com/rust-lang/crates.io-index"
checksum = "6d301140eb411af13d3115f9a562c85cc6b541ade9dfa314132244aaee7489dd"

[[package]]
name = "either"
version = "1.5.0"
source = "registry+https://github.com/rust-lang/crates.io-index"
checksum = "3be565ca5c557d7f59e7cfcf1844f9e3033650c929c6566f511e8005f205c1d0"

[[package]]
name = "env_logger"
version = "0.5.10"
source = "registry+https://github.com/rust-lang/crates.io-index"
checksum = "0e6e40ebb0e66918a37b38c7acab4e10d299e0463fe2af5d29b9cc86710cfd2a"
dependencies = [
 "atty",
 "humantime",
 "log",
 "regex",
 "termcolor",
]

[[package]]
name = "fixedbitset"
version = "0.1.9"
source = "registry+https://github.com/rust-lang/crates.io-index"
checksum = "86d4de0081402f5e88cdac65c8dcdcc73118c1a7a465e2a05f0da05843a8ea33"

[[package]]
name = "flate2"
version = "1.0.24"
source = "registry+https://github.com/rust-lang/crates.io-index"
checksum = "f82b0f4c27ad9f8bfd1f3208d882da2b09c301bc1c828fd3a00d0216d2fbbff6"
dependencies = [
 "crc32fast",
 "miniz_oxide",
]

[[package]]
name = "fnv"
version = "1.0.6"
source = "registry+https://github.com/rust-lang/crates.io-index"
checksum = "2fad85553e09a6f881f739c29f0b00b0f01357c743266d478b68951ce23285f3"

[[package]]
name = "foreign-types"
version = "0.3.2"
source = "registry+https://github.com/rust-lang/crates.io-index"
checksum = "f6f339eb8adc052cd2ca78910fda869aefa38d22d5cb648e6485e4d3fc06f3b1"
dependencies = [
 "foreign-types-shared",
]

[[package]]
name = "foreign-types-shared"
version = "0.1.1"
source = "registry+https://github.com/rust-lang/crates.io-index"
checksum = "00b0228411908ca8685dba7fc2cdd70ec9990a6e753e89b6ac91a84c40fbaf4b"

[[package]]
name = "fuchsia-zircon"
version = "0.3.3"
source = "registry+https://github.com/rust-lang/crates.io-index"
checksum = "2e9763c69ebaae630ba35f74888db465e49e259ba1bc0eda7d06f4a067615d82"
dependencies = [
 "bitflags",
 "fuchsia-zircon-sys",
]

[[package]]
name = "fuchsia-zircon-sys"
version = "0.3.3"
source = "registry+https://github.com/rust-lang/crates.io-index"
checksum = "3dcaa9ae7725d12cdb85b3ad99a434db70b468c09ded17e012d86b5c1010f7a7"

[[package]]
name = "futures"
version = "0.1.21"
source = "registry+https://github.com/rust-lang/crates.io-index"
checksum = "1a70b146671de62ec8c8ed572219ca5d594d9b06c0b364d5e67b722fc559b48c"

[[package]]
name = "futures-cpupool"
version = "0.1.8"
source = "registry+https://github.com/rust-lang/crates.io-index"
checksum = "ab90cde24b3319636588d0c35fe03b1333857621051837ed769faefb4c2162e4"
dependencies = [
 "futures",
 "num_cpus",
]

[[package]]
name = "h2"
version = "0.1.10"
source = "registry+https://github.com/rust-lang/crates.io-index"
checksum = "6229ac66d3392dd83288fe04defd4b353354b15bbe07820d53dda063a736afcc"
dependencies = [
 "byteorder",
 "bytes",
 "fnv",
 "futures",
 "http",
 "indexmap",
 "log",
 "slab",
 "string",
 "tokio-io",
]

[[package]]
name = "half"
version = "1.3.0"
source = "registry+https://github.com/rust-lang/crates.io-index"
checksum = "9353c2a89d550b58fa0061d8ed8d002a7d8cdf2494eb0e432859bd3a9e543836"

[[package]]
name = "heck"
version = "0.3.0"
source = "registry+https://github.com/rust-lang/crates.io-index"
checksum = "ea04fa3ead4e05e51a7c806fc07271fdbde4e246a6c6d1efd52e72230b771b82"
dependencies = [
 "unicode-segmentation",
]

[[package]]
name = "http"
version = "0.1.7"
source = "registry+https://github.com/rust-lang/crates.io-index"
checksum = "4fbced8864b04c030eebcb7d0dc3a81ba5231ac559f5116a29a8ba83ecee22cd"
dependencies = [
 "bytes",
 "fnv",
 "itoa",
]

[[package]]
name = "http-zipkin"
version = "0.1.0"
source = "registry+https://github.com/rust-lang/crates.io-index"
checksum = "0dac6dfd50e85a5132c39d8afdd5625abe81727c9477424648c7ec53ed9cb8bf"
dependencies = [
 "http",
 "zipkin",
]

[[package]]
name = "httparse"
version = "1.3.2"
source = "registry+https://github.com/rust-lang/crates.io-index"
checksum = "7b6288d7db100340ca12873fd4d08ad1b8f206a9457798dfb17c018a33fee540"

[[package]]
name = "humantime"
version = "1.1.1"
source = "registry+https://github.com/rust-lang/crates.io-index"
checksum = "0484fda3e7007f2a4a0d9c3a703ca38c71c54c55602ce4660c419fd32e188c9e"
dependencies = [
 "quick-error",
]

[[package]]
name = "hyper"
version = "0.12.5"
source = "registry+https://github.com/rust-lang/crates.io-index"
checksum = "45547acdf52b4b191513d57ad6e2417d193bb011d8199657a2754b698d968612"
dependencies = [
 "bytes",
 "futures",
 "futures-cpupool",
 "h2",
 "http",
 "httparse",
 "iovec",
 "itoa",
 "log",
 "net2",
 "time",
 "tokio",
 "tokio-executor",
 "tokio-io",
 "tokio-reactor",
 "tokio-tcp",
 "tokio-timer",
 "want",
]

[[package]]
name = "hyper-openssl"
version = "0.6.1"
source = "registry+https://github.com/rust-lang/crates.io-index"
checksum = "ddca42b55aaf1755b417d286d5eaa1f435cd626b53ffbb53bb9cef4d8819ac86"
dependencies = [
 "antidote",
 "bytes",
 "futures",
 "hyper",
 "lazy_static",
 "linked_hash_set",
 "openssl",
 "openssl-sys",
 "tokio-io",
 "tokio-openssl",
]

[[package]]
name = "ident_case"
version = "1.0.0"
source = "registry+https://github.com/rust-lang/crates.io-index"
checksum = "3c9826188e666f2ed92071d2dadef6edc430b11b158b5b2b3f4babbcc891eaaa"

[[package]]
name = "idna"
version = "0.1.5"
source = "registry+https://github.com/rust-lang/crates.io-index"
checksum = "38f09e0f0b1fb55fdee1f17470ad800da77af5186a1a76c026b679358b7e844e"
dependencies = [
 "matches",
 "unicode-bidi",
 "unicode-normalization",
]

[[package]]
name = "indexmap"
version = "1.0.1"
source = "registry+https://github.com/rust-lang/crates.io-index"
checksum = "08173ba1e906efb6538785a8844dd496f5d34f0a2d88038e95195172fc667220"

[[package]]
name = "iovec"
version = "0.1.2"
source = "registry+https://github.com/rust-lang/crates.io-index"
checksum = "dbe6e417e7d0975db6512b90796e8ce223145ac4e33c377e4a42882a0e88bb08"
dependencies = [
 "libc",
 "winapi 0.2.8",
]

[[package]]
name = "itertools"
version = "0.7.8"
source = "registry+https://github.com/rust-lang/crates.io-index"
checksum = "f58856976b776fedd95533137617a02fb25719f40e7d9b01c7043cd65474f450"
dependencies = [
 "either",
]

[[package]]
name = "itoa"
version = "0.4.2"
source = "registry+https://github.com/rust-lang/crates.io-index"
checksum = "5adb58558dcd1d786b5f0bd15f3226ee23486e24b7b58304b60f64dc68e62606"

[[package]]
name = "kernel32-sys"
version = "0.2.2"
source = "registry+https://github.com/rust-lang/crates.io-index"
checksum = "7507624b29483431c0ba2d82aece8ca6cdba9382bff4ddd0f7490560c056098d"
dependencies = [
 "winapi 0.2.8",
 "winapi-build",
]

[[package]]
name = "lazy_static"
version = "1.0.1"
source = "registry+https://github.com/rust-lang/crates.io-index"
checksum = "e6412c5e2ad9584b0b8e979393122026cdd6d2a80b933f890dcd694ddbe73739"

[[package]]
name = "lazycell"
version = "0.6.0"
source = "registry+https://github.com/rust-lang/crates.io-index"
checksum = "a6f08839bc70ef4a3fe1d566d5350f519c5912ea86be0df1740a7d247c7fc0ef"

[[package]]
name = "libc"
version = "0.2.42"
source = "registry+https://github.com/rust-lang/crates.io-index"
checksum = "b685088df2b950fccadf07a7187c8ef846a959c142338a48f9dc0b94517eb5f1"

[[package]]
name = "linked-hash-map"
version = "0.5.1"
source = "registry+https://github.com/rust-lang/crates.io-index"
checksum = "70fb39025bc7cdd76305867c4eccf2f2dcf6e9a57f5b21a93e1c2d86cd03ec9e"

[[package]]
name = "linked_hash_set"
version = "0.1.3"
source = "registry+https://github.com/rust-lang/crates.io-index"
checksum = "3c7c91c4c7bbeb4f2f7c4e5be11e6a05bd6830bc37249c47ce1ad86ad453ff9c"
dependencies = [
 "linked-hash-map",
]

[[package]]
name = "lock_api"
version = "0.1.4"
source = "registry+https://github.com/rust-lang/crates.io-index"
checksum = "775751a3e69bde4df9b38dd00a1b5d6ac13791e4223d4a0506577f0dd27cfb7a"
dependencies = [
 "owning_ref",
 "scopeguard",
]

[[package]]
name = "log"
version = "0.4.3"
source = "registry+https://github.com/rust-lang/crates.io-index"
checksum = "61bd98ae7f7b754bc53dca7d44b604f733c6bba044ea6f41bc8d89272d8161d2"
dependencies = [
 "cfg-if 0.1.4",
]

[[package]]
name = "matches"
version = "0.1.6"
source = "registry+https://github.com/rust-lang/crates.io-index"
checksum = "100aabe6b8ff4e4a7e32c1c13523379802df0772b82466207ac25b013f193376"

[[package]]
name = "memchr"
version = "2.0.1"
source = "registry+https://github.com/rust-lang/crates.io-index"
checksum = "796fba70e76612589ed2ce7f45282f5af869e0fdd7cc6199fa1aa1f1d591ba9d"
dependencies = [
 "libc",
]

[[package]]
name = "memoffset"
version = "0.2.1"
source = "registry+https://github.com/rust-lang/crates.io-index"
checksum = "0f9dc261e2b62d7a622bf416ea3c5245cdd5d9a7fcc428c0d06804dfce1775b3"

[[package]]
name = "mime"
version = "0.3.8"
source = "registry+https://github.com/rust-lang/crates.io-index"
checksum = "fe51c8699d2dc522bf8c1ebe26ea2193d151fb54bcdfd7d0318750c189994cd9"
dependencies = [
 "unicase",
]

[[package]]
name = "miniz_oxide"
version = "0.5.3"
source = "registry+https://github.com/rust-lang/crates.io-index"
checksum = "6f5c75688da582b8ffc1f1799e9db273f32133c49e048f614d22ec3256773ccc"
dependencies = [
 "adler",
]

[[package]]
name = "mio"
version = "0.6.15"
source = "registry+https://github.com/rust-lang/crates.io-index"
checksum = "4fcfcb32d63961fb6f367bfd5d21e4600b92cd310f71f9dca25acae196eb1560"
dependencies = [
 "fuchsia-zircon",
 "fuchsia-zircon-sys",
 "iovec",
 "kernel32-sys",
 "lazycell",
 "libc",
 "log",
 "miow",
 "net2",
 "slab",
 "winapi 0.2.8",
]

[[package]]
name = "mio-uds"
version = "0.6.7"
source = "registry+https://github.com/rust-lang/crates.io-index"
checksum = "966257a94e196b11bb43aca423754d87429960a768de9414f3691d6957abf125"
dependencies = [
 "iovec",
 "libc",
 "mio",
]

[[package]]
name = "miow"
version = "0.2.1"
source = "registry+https://github.com/rust-lang/crates.io-index"
checksum = "8c1f2f3b1cf331de6896aabf6e9d55dca90356cc9960cca7eaaf408a355ae919"
dependencies = [
 "kernel32-sys",
 "net2",
 "winapi 0.2.8",
 "ws2_32-sys",
]

[[package]]
name = "net2"
version = "0.2.33"
source = "registry+https://github.com/rust-lang/crates.io-index"
checksum = "42550d9fb7b6684a6d404d9fa7250c2eb2646df731d1c06afc06dcee9e1bcf88"
dependencies = [
 "cfg-if 0.1.4",
 "libc",
 "winapi 0.3.5",
]

[[package]]
name = "nodrop"
version = "0.1.12"
source = "registry+https://github.com/rust-lang/crates.io-index"
checksum = "9a2228dca57108069a5262f2ed8bd2e82496d2e074a06d1ccc7ce1687b6ae0a2"

[[package]]
name = "num-integer"
version = "0.1.39"
source = "registry+https://github.com/rust-lang/crates.io-index"
checksum = "e83d528d2677f0518c570baf2b7abdcf0cd2d248860b68507bdcb3e91d4c0cea"
dependencies = [
 "num-traits 0.2.5",
]

[[package]]
name = "num-traits"
version = "0.1.43"
source = "registry+https://github.com/rust-lang/crates.io-index"
checksum = "92e5113e9fd4cc14ded8e499429f396a20f98c772a47cc8622a736e1ec843c31"
dependencies = [
 "num-traits 0.2.5",
]

[[package]]
name = "num-traits"
version = "0.2.5"
source = "registry+https://github.com/rust-lang/crates.io-index"
checksum = "630de1ef5cc79d0cdd78b7e33b81f083cbfe90de0f4b2b2f07f905867c70e9fe"

[[package]]
name = "num_cpus"
version = "1.8.0"
source = "registry+https://github.com/rust-lang/crates.io-index"
checksum = "c51a3322e4bca9d212ad9a158a02abc6934d005490c054a2778df73a70aa0a30"
dependencies = [
 "libc",
]

[[package]]
name = "openssl"
version = "0.10.14"
source = "registry+https://github.com/rust-lang/crates.io-index"
checksum = "6285ab297861546af7a2753593b3160bfc09f0ab9d1f5bb009e39d81a169b499"
dependencies = [
 "bitflags",
 "cfg-if 0.1.4",
 "foreign-types",
 "lazy_static",
 "libc",
 "openssl-sys",
]

[[package]]
name = "openssl-src"
version = "111.22.0+1.1.1q"
source = "registry+https://github.com/rust-lang/crates.io-index"
checksum = "8f31f0d509d1c1ae9cada2f9539ff8f37933831fd5098879e482aa687d659853"
dependencies = [
 "cc",
]

[[package]]
name = "openssl-sys"
version = "0.9.39"
source = "registry+https://github.com/rust-lang/crates.io-index"
checksum = "278c1ad40a89aa1e741a1eed089a2f60b18fab8089c3139b542140fc7d674106"
dependencies = [
 "cc",
 "libc",
 "openssl-src",
 "pkg-config",
 "vcpkg",
]

[[package]]
name = "ordered-float"
version = "0.5.0"
source = "registry+https://github.com/rust-lang/crates.io-index"
checksum = "58d25b6c0e47b20d05226d288ff434940296e7e2f8b877975da32f862152241f"
dependencies = [
 "num-traits 0.1.43",
 "unreachable 0.1.1",
]

[[package]]
name = "ordermap"
version = "0.3.5"
source = "registry+https://github.com/rust-lang/crates.io-index"
checksum = "a86ed3f5f244b372d6b1a00b72ef7f8876d0bc6a78a4c9985c53614041512063"

[[package]]
name = "owning_ref"
version = "0.3.3"
source = "registry+https://github.com/rust-lang/crates.io-index"
checksum = "cdf84f41639e037b484f93433aa3897863b561ed65c6e59c7073d7c561710f37"
dependencies = [
 "stable_deref_trait",
]

[[package]]
name = "parking_lot"
version = "0.6.4"
source = "registry+https://github.com/rust-lang/crates.io-index"
checksum = "f0802bff09003b291ba756dc7e79313e51cc31667e94afbe847def490424cde5"
dependencies = [
 "lock_api",
 "parking_lot_core",
]

[[package]]
name = "parking_lot_core"
version = "0.3.1"
source = "registry+https://github.com/rust-lang/crates.io-index"
checksum = "ad7f7e6ebdc79edff6fdcb87a55b620174f7a989e3eb31b65231f4af57f00b8c"
dependencies = [
 "libc",
 "rand 0.5.5",
 "rustc_version",
 "smallvec",
 "winapi 0.3.5",
]

[[package]]
name = "percent-encoding"
version = "1.0.1"
source = "registry+https://github.com/rust-lang/crates.io-index"
checksum = "31010dd2e1ac33d5b46a5b413495239882813e0369f8ed8a5e266f173602f831"

[[package]]
name = "petgraph"
version = "0.4.13"
source = "registry+https://github.com/rust-lang/crates.io-index"
checksum = "9c3659d1ee90221741f65dd128d9998311b0e40c5d3c23a62445938214abce4f"
dependencies = [
 "fixedbitset",
 "ordermap",
]

[[package]]
name = "pkg-config"
version = "0.3.14"
source = "registry+https://github.com/rust-lang/crates.io-index"
checksum = "676e8eb2b1b4c9043511a9b7bea0915320d7e502b0a079fb03f9635a5252b18c"

[[package]]
name = "pretty_assertions"
version = "0.5.1"
source = "registry+https://github.com/rust-lang/crates.io-index"
checksum = "3a029430f0d744bc3d15dd474d591bed2402b645d024583082b9f63bb936dac6"
dependencies = [
 "ansi_term",
 "difference",
]

[[package]]
name = "pretty_env_logger"
version = "0.2.3"
source = "registry+https://github.com/rust-lang/crates.io-index"
checksum = "26d3bc10ef768a4e8eae257706926f17c76b48b6efc65335cfce12527e7348d6"
dependencies = [
 "ansi_term",
 "env_logger",
 "log",
]

[[package]]
name = "proc-macro2"
version = "0.3.8"
source = "registry+https://github.com/rust-lang/crates.io-index"
checksum = "1b06e2f335f48d24442b35a19df506a835fb3547bc3c06ef27340da9acf5cae7"
dependencies = [
 "unicode-xid",
]

[[package]]
name = "proc-macro2"
version = "0.4.6"
source = "registry+https://github.com/rust-lang/crates.io-index"
checksum = "effdb53b25cdad54f8f48843d67398f7ef2e14f12c1b4cb4effc549a6462a4d6"
dependencies = [
 "unicode-xid",
]

[[package]]
name = "quick-error"
version = "1.2.2"
source = "registry+https://github.com/rust-lang/crates.io-index"
checksum = "9274b940887ce9addde99c4eee6b5c44cc494b182b97e73dc8ffdcb3397fd3f0"

[[package]]
name = "quote"
version = "0.5.2"
source = "registry+https://github.com/rust-lang/crates.io-index"
checksum = "9949cfe66888ffe1d53e6ec9d9f3b70714083854be20fd5e271b232a017401e8"
dependencies = [
 "proc-macro2 0.3.8",
]

[[package]]
name = "quote"
version = "0.6.3"
source = "registry+https://github.com/rust-lang/crates.io-index"
checksum = "e44651a0dc4cdd99f71c83b561e221f714912d11af1a4dff0631f923d53af035"
dependencies = [
 "proc-macro2 0.4.6",
]

[[package]]
name = "rand"
version = "0.4.2"
source = "registry+https://github.com/rust-lang/crates.io-index"
checksum = "eba5f8cb59cc50ed56be8880a5c7b496bfd9bd26394e176bc67884094145c2c5"
dependencies = [
 "fuchsia-zircon",
 "libc",
 "winapi 0.3.5",
]

[[package]]
name = "rand"
version = "0.5.5"
source = "registry+https://github.com/rust-lang/crates.io-index"
checksum = "e464cd887e869cddcae8792a4ee31d23c7edd516700695608f5b98c67ee0131c"
dependencies = [
 "cloudabi",
 "fuchsia-zircon",
 "libc",
 "rand_core 0.2.2",
 "winapi 0.3.5",
]

[[package]]
name = "rand_core"
version = "0.2.2"
source = "registry+https://github.com/rust-lang/crates.io-index"
checksum = "1961a422c4d189dfb50ffa9320bf1f2a9bd54ecb92792fb9477f99a1045f3372"
dependencies = [
 "rand_core 0.3.0",
]

[[package]]
name = "rand_core"
version = "0.3.0"
source = "registry+https://github.com/rust-lang/crates.io-index"
checksum = "0905b6b7079ec73b314d4c748701f6931eb79fd97c668caa3f1899b22b32c6db"

[[package]]
name = "redox_syscall"
version = "0.1.40"
source = "registry+https://github.com/rust-lang/crates.io-index"
checksum = "c214e91d3ecf43e9a4e41e578973adeb14b474f2bee858742d127af75a0112b1"

[[package]]
name = "redox_termios"
version = "0.1.1"
source = "registry+https://github.com/rust-lang/crates.io-index"
checksum = "7e891cfe48e9100a70a3b6eb652fef28920c117d366339687bd5576160db0f76"
dependencies = [
 "redox_syscall",
]

[[package]]
name = "regex"
version = "1.0.1"
source = "registry+https://github.com/rust-lang/crates.io-index"
checksum = "13c93d55961981ba9226a213b385216f83ab43bd6ac53ab16b2eeb47e337cf4e"
dependencies = [
 "aho-corasick",
 "memchr",
 "regex-syntax",
 "thread_local",
 "utf8-ranges",
]

[[package]]
name = "regex-syntax"
version = "0.6.1"
source = "registry+https://github.com/rust-lang/crates.io-index"
checksum = "05b06a75f5217880fc5e905952a42750bf44787e56a6c6d6852ed0992f5e1d54"
dependencies = [
 "ucd-util",
]

[[package]]
name = "rent_to_own"
version = "0.1.0"
source = "registry+https://github.com/rust-lang/crates.io-index"
checksum = "05a51ad2b1c5c710fa89e6b1631068dab84ed687bc6a5fe061ad65da3d0c25b2"

[[package]]
name = "route-recognizer"
version = "0.1.12"
source = "registry+https://github.com/rust-lang/crates.io-index"
checksum = "cf3255338088df8146ba63d60a9b8e3556f1146ce2973bc05a75181a42ce2256"

[[package]]
name = "rustc-demangle"
version = "0.1.8"
source = "registry+https://github.com/rust-lang/crates.io-index"
checksum = "76d7ba1feafada44f2d38eed812bd2489a03c0f5abb975799251518b68848649"

[[package]]
name = "rustc_version"
version = "0.2.2"
source = "registry+https://github.com/rust-lang/crates.io-index"
checksum = "a54aa04a10c68c1c4eacb4337fd883b435997ede17a9385784b990777686b09a"
dependencies = [
 "semver",
]

[[package]]
name = "safemem"
version = "0.2.0"
source = "registry+https://github.com/rust-lang/crates.io-index"
checksum = "e27a8b19b835f7aea908818e871f5cc3a5a186550c30773be987e155e8163d8f"

[[package]]
name = "scopeguard"
version = "0.3.3"
source = "registry+https://github.com/rust-lang/crates.io-index"
checksum = "94258f53601af11e6a49f722422f6e3425c52b06245a5cf9bc09908b174f5e27"

[[package]]
name = "semver"
version = "0.9.0"
source = "registry+https://github.com/rust-lang/crates.io-index"
checksum = "1d7eb9ef2c18661902cc47e535f9bc51b78acd254da71d375c2f6720d9a40403"
dependencies = [
 "semver-parser",
]

[[package]]
name = "semver-parser"
version = "0.7.0"
source = "registry+https://github.com/rust-lang/crates.io-index"
checksum = "388a1df253eca08550bef6c72392cfe7c30914bf41df5269b68cbd6ff8f570a3"

[[package]]
name = "serde"
version = "1.0.70"
source = "registry+https://github.com/rust-lang/crates.io-index"
checksum = "0c3adf19c07af6d186d91dae8927b83b0553d07ca56cbf7f2f32560455c91920"

[[package]]
name = "serde-conjure"
version = "0.1.4"
dependencies = [
 "serde",
]

[[package]]
name = "serde-conjure-derive"
version = "0.1.4"
dependencies = [
 "proc-macro2 0.4.6",
 "quote 0.6.3",
 "serde",
 "serde-conjure",
 "serde_json",
 "syn 0.14.4",
]

[[package]]
name = "serde-humantime"
version = "0.1.1"
source = "registry+https://github.com/rust-lang/crates.io-index"
checksum = "c367b5dafa12cef19c554638db10acde90d5e9acea2b80e1ad98b00f88068f7d"
dependencies = [
 "humantime",
 "serde",
]

[[package]]
name = "serde-value"
version = "0.5.2"
source = "registry+https://github.com/rust-lang/crates.io-index"
checksum = "52903ade2290cbd61a0937a66a268f26cebf246e3ddd7964a8babb297111fb0d"
dependencies = [
 "ordered-float",
 "serde",
]

[[package]]
name = "serde_cbor"
version = "0.9.0"
source = "registry+https://github.com/rust-lang/crates.io-index"
checksum = "45cd6d95391b16cd57e88b68be41d504183b7faae22030c0cc3b3f73dd57b2fd"
dependencies = [
 "byteorder",
 "half",
 "serde",
]

[[package]]
name = "serde_derive"
version = "1.0.70"
source = "registry+https://github.com/rust-lang/crates.io-index"
checksum = "3525a779832b08693031b8ecfb0de81cd71cfd3812088fafe9a7496789572124"
dependencies = [
 "proc-macro2 0.4.6",
 "quote 0.6.3",
 "syn 0.14.4",
]

[[package]]
name = "serde_json"
version = "1.0.22"
source = "registry+https://github.com/rust-lang/crates.io-index"
checksum = "84b8035cabe9b35878adec8ac5fe03d5f6bc97ff6edd7ccb96b44c1276ba390e"
dependencies = [
 "dtoa",
 "itoa",
 "serde",
]

[[package]]
name = "serde_plain"
version = "0.3.0"
source = "registry+https://github.com/rust-lang/crates.io-index"
checksum = "625fb0da2b006092b426a94acc1611bec52f2ec27bb27b266a9f93c29ee38eda"
dependencies = [
 "serde",
]

[[package]]
name = "serde_urlencoded"
version = "0.5.3"
source = "registry+https://github.com/rust-lang/crates.io-index"
checksum = "aaed41d9fb1e2f587201b863356590c90c1157495d811430a0c0325fe8169650"
dependencies = [
 "dtoa",
 "itoa",
 "serde",
 "url",
]

[[package]]
name = "serde_yaml"
version = "0.7.5"
source = "registry+https://github.com/rust-lang/crates.io-index"
checksum = "ef8099d3df28273c99a1728190c7a9f19d444c941044f64adf986bee7ec53051"
dependencies = [
 "dtoa",
 "linked-hash-map",
 "serde",
 "yaml-rust",
]

[[package]]
name = "slab"
version = "0.4.1"
source = "registry+https://github.com/rust-lang/crates.io-index"
checksum = "5f9776d6b986f77b35c6cf846c11ad986ff128fe0b2b63a3628e3755e8d3102d"

[[package]]
name = "smallvec"
version = "0.6.5"
source = "registry+https://github.com/rust-lang/crates.io-index"
checksum = "153ffa32fd170e9944f7e0838edf824a754ec4c1fc64746fcc9fe1f8fa602e5d"
dependencies = [
 "unreachable 1.0.0",
]

[[package]]
name = "stable_deref_trait"
version = "1.1.1"
source = "registry+https://github.com/rust-lang/crates.io-index"
checksum = "dba1a27d3efae4351c8051072d619e3ade2820635c3958d826bfea39d59b54c8"

[[package]]
name = "state_machine_future"
version = "0.1.8"
source = "registry+https://github.com/rust-lang/crates.io-index"
checksum = "4365457c6ec580f8dee3b2c951f69fb50e510906f6cf5739845f9aa3430eb918"
dependencies = [
 "derive_state_machine_future",
 "futures",
 "rent_to_own",
]

[[package]]
name = "string"
version = "0.1.0"
source = "registry+https://github.com/rust-lang/crates.io-index"
checksum = "31f98b200e7caca9efca50fc0aa69cd58a5ec81d5f6e75b2f3ecaad2e998972a"

[[package]]
name = "syn"
version = "0.13.11"
source = "registry+https://github.com/rust-lang/crates.io-index"
checksum = "14f9bf6292f3a61d2c716723fdb789a41bbe104168e6f496dc6497e531ea1b9b"
dependencies = [
 "proc-macro2 0.3.8",
 "quote 0.5.2",
 "unicode-xid",
]

[[package]]
name = "syn"
version = "0.14.4"
source = "registry+https://github.com/rust-lang/crates.io-index"
checksum = "2beff8ebc3658f07512a413866875adddd20f4fd47b2a4e6c9da65cd281baaea"
dependencies = [
 "proc-macro2 0.4.6",
 "quote 0.6.3",
 "unicode-xid",
]

[[package]]
name = "syn"
version = "0.15.13"
source = "registry+https://github.com/rust-lang/crates.io-index"
checksum = "7b4439ee8325b4e4b57e59309c3724c9a4478eaeb4eb094b6f3fac180a3b2876"
dependencies = [
 "proc-macro2 0.4.6",
 "quote 0.6.3",
 "unicode-xid",
]

[[package]]
name = "termcolor"
version = "0.3.6"
source = "registry+https://github.com/rust-lang/crates.io-index"
checksum = "adc4587ead41bf016f11af03e55a624c06568b5a19db4e90fde573d805074f83"
dependencies = [
 "wincolor",
]

[[package]]
name = "termion"
version = "1.5.1"
source = "registry+https://github.com/rust-lang/crates.io-index"
checksum = "689a3bdfaab439fd92bc87df5c4c78417d3cbe537487274e9b0b2dce76e92096"
dependencies = [
 "libc",
 "redox_syscall",
 "redox_termios",
]

[[package]]
name = "thread-local-object"
version = "0.1.0"
source = "registry+https://github.com/rust-lang/crates.io-index"
checksum = "7da3caa820d0308c84c8654f6cafd81cc3195d45433311cbe22fcf44fc8be071"
dependencies = [
 "unsafe-any",
]

[[package]]
name = "thread_local"
version = "0.3.5"
source = "registry+https://github.com/rust-lang/crates.io-index"
checksum = "279ef31c19ededf577bfd12dfae728040a21f635b06a24cd670ff510edd38963"
dependencies = [
 "lazy_static",
 "unreachable 1.0.0",
]

[[package]]
name = "time"
version = "0.1.40"
source = "registry+https://github.com/rust-lang/crates.io-index"
checksum = "d825be0eb33fda1a7e68012d51e9c7f451dc1a69391e7fdc197060bb8c56667b"
dependencies = [
 "libc",
 "redox_syscall",
 "winapi 0.3.5",
]

[[package]]
name = "tokio"
version = "0.1.11"
source = "registry+https://github.com/rust-lang/crates.io-index"
checksum = "6e93c78d23cc61aa245a8acd2c4a79c4d7fa7fb5c3ca90d5737029f043a84895"
dependencies = [
 "bytes",
 "futures",
 "mio",
 "tokio-codec",
 "tokio-current-thread",
 "tokio-executor",
 "tokio-fs",
 "tokio-io",
 "tokio-reactor",
 "tokio-tcp",
 "tokio-threadpool",
 "tokio-timer",
 "tokio-udp",
 "tokio-uds",
]

[[package]]
name = "tokio-codec"
version = "0.1.0"
source = "registry+https://github.com/rust-lang/crates.io-index"
checksum = "881e9645b81c2ce95fcb799ded2c29ffb9f25ef5bef909089a420e5961dd8ccb"
dependencies = [
 "bytes",
 "futures",
 "tokio-io",
]

[[package]]
name = "tokio-current-thread"
version = "0.1.3"
source = "registry+https://github.com/rust-lang/crates.io-index"
checksum = "f90fcd90952f0a496d438a976afba8e5c205fb12123f813d8ab3aa1c8436638c"
dependencies = [
 "futures",
 "tokio-executor",
]

[[package]]
name = "tokio-executor"
version = "0.1.5"
source = "registry+https://github.com/rust-lang/crates.io-index"
checksum = "c117b6cf86bb730aab4834f10df96e4dd586eff2c3c27d3781348da49e255bde"
dependencies = [
 "futures",
]

[[package]]
name = "tokio-fs"
version = "0.1.3"
source = "registry+https://github.com/rust-lang/crates.io-index"
checksum = "b5cbe4ca6e71cb0b62a66e4e6f53a8c06a6eefe46cc5f665ad6f274c9906f135"
dependencies = [
 "futures",
 "tokio-io",
 "tokio-threadpool",
]

[[package]]
name = "tokio-io"
version = "0.1.7"
source = "registry+https://github.com/rust-lang/crates.io-index"
checksum = "a5c9635ee806f26d302b8baa1e145689a280d8f5aa8d0552e7344808da54cc21"
dependencies = [
 "bytes",
 "futures",
 "log",
]

[[package]]
name = "tokio-io-timeout"
version = "0.3.1"
source = "registry+https://github.com/rust-lang/crates.io-index"
checksum = "135ce81f15cfd7982fac684f9057a1299eebeb79e98a8a709969b9aa51123129"
dependencies = [
 "bytes",
 "futures",
 "tokio-io",
 "tokio-timer",
]

[[package]]
name = "tokio-openssl"
version = "0.2.1"
source = "registry+https://github.com/rust-lang/crates.io-index"
checksum = "4646ae1fd623393de3d796ea53af75acd02938dd5579544fbd6d236d041978a6"
dependencies = [
 "futures",
 "openssl",
 "tokio-io",
]

[[package]]
name = "tokio-reactor"
version = "0.1.2"
source = "registry+https://github.com/rust-lang/crates.io-index"
checksum = "e00ec63bbec2c97ce1178cb0587b2c438b2f6b09d3ee54a33c45a9cf0d530810"
dependencies = [
 "futures",
 "log",
 "mio",
 "slab",
 "tokio-executor",
 "tokio-io",
]

[[package]]
name = "tokio-tcp"
version = "0.1.0"
source = "registry+https://github.com/rust-lang/crates.io-index"
checksum = "ec9b094851aadd2caf83ba3ad8e8c4ce65a42104f7b94d9e6550023f0407853f"
dependencies = [
 "bytes",
 "futures",
 "iovec",
 "mio",
 "tokio-io",
 "tokio-reactor",
]

[[package]]
name = "tokio-threadpool"
version = "0.1.5"
source = "registry+https://github.com/rust-lang/crates.io-index"
checksum = "24ab84f574027b0e875378f31575cf175360891919e93a3490f07e76e00e4efb"
dependencies = [
 "crossbeam-deque",
 "futures",
 "log",
 "num_cpus",
 "rand 0.4.2",
 "tokio-executor",
]

[[package]]
name = "tokio-timer"
version = "0.2.7"
source = "registry+https://github.com/rust-lang/crates.io-index"
checksum = "3a52f00c97fedb6d535d27f65cccb7181c8dd4c6edc3eda9ea93f6d45d05168e"
dependencies = [
 "crossbeam-utils 0.5.0",
 "futures",
 "slab",
 "tokio-executor",
]

[[package]]
name = "tokio-udp"
version = "0.1.1"
source = "registry+https://github.com/rust-lang/crates.io-index"
checksum = "43eb534af6e8f37d43ab1b612660df14755c42bd003c5f8d2475ee78cc4600c0"
dependencies = [
 "bytes",
 "futures",
 "log",
 "mio",
 "tokio-codec",
 "tokio-io",
 "tokio-reactor",
]

[[package]]
name = "tokio-uds"
version = "0.2.2"
source = "registry+https://github.com/rust-lang/crates.io-index"
checksum = "22e3aa6d1fcc19e635418dc0a30ab5bd65d347973d6f43f1a37bf8d9d1335fc9"
dependencies = [
 "bytes",
 "futures",
 "iovec",
 "libc",
 "log",
 "mio",
 "mio-uds",
 "tokio-io",
 "tokio-reactor",
]

[[package]]
name = "traitobject"
version = "0.1.0"
source = "registry+https://github.com/rust-lang/crates.io-index"
checksum = "efd1f82c56340fdf16f2a953d7bda4f8fdffba13d93b00844c25572110b26079"

[[package]]
name = "try-lock"
version = "0.2.2"
source = "registry+https://github.com/rust-lang/crates.io-index"
checksum = "e604eb7b43c06650e854be16a2a03155743d3752dd1c943f6829e26b7a36e382"

[[package]]
name = "typed-headers"
version = "0.1.0"
source = "registry+https://github.com/rust-lang/crates.io-index"
checksum = "9fb9c89066fda8824c7c9570d0f5c0dddd2a0b272b189855f89450e830f196eb"
dependencies = [
 "base64",
 "bytes",
 "chrono",
 "http",
 "mime",
]

[[package]]
name = "ucd-util"
version = "0.1.1"
source = "registry+https://github.com/rust-lang/crates.io-index"
checksum = "fd2be2d6639d0f8fe6cdda291ad456e23629558d466e2789d2c3e9892bda285d"

[[package]]
name = "unicase"
version = "2.1.0"
source = "registry+https://github.com/rust-lang/crates.io-index"
checksum = "284b6d3db520d67fbe88fd778c21510d1b0ba4a551e5d0fbb023d33405f6de8a"
dependencies = [
 "version_check",
]

[[package]]
name = "unicode-bidi"
version = "0.3.4"
source = "registry+https://github.com/rust-lang/crates.io-index"
checksum = "49f2bd0c6468a8230e1db229cff8029217cf623c767ea5d60bfbd42729ea54d5"
dependencies = [
 "matches",
]

[[package]]
name = "unicode-normalization"
version = "0.1.7"
source = "registry+https://github.com/rust-lang/crates.io-index"
checksum = "6a0180bc61fc5a987082bfa111f4cc95c4caff7f9799f3e46df09163a937aa25"

[[package]]
name = "unicode-segmentation"
version = "1.2.1"
source = "registry+https://github.com/rust-lang/crates.io-index"
checksum = "aa6024fc12ddfd1c6dbc14a80fa2324d4568849869b779f6bd37e5e4c03344d1"

[[package]]
name = "unicode-xid"
version = "0.1.0"
source = "registry+https://github.com/rust-lang/crates.io-index"
checksum = "fc72304796d0818e357ead4e000d19c9c174ab23dc11093ac919054d20a6a7fc"

[[package]]
name = "unreachable"
version = "0.1.1"
source = "registry+https://github.com/rust-lang/crates.io-index"
checksum = "1f2ae5ddb18e1c92664717616dd9549dde73f539f01bd7b77c2edb2446bdff91"
dependencies = [
 "void",
]

[[package]]
name = "unreachable"
version = "1.0.0"
source = "registry+https://github.com/rust-lang/crates.io-index"
checksum = "382810877fe448991dfc7f0dd6e3ae5d58088fd0ea5e35189655f84e6814fa56"
dependencies = [
 "void",
]

[[package]]
name = "unsafe-any"
version = "0.4.2"
source = "registry+https://github.com/rust-lang/crates.io-index"
checksum = "f30360d7979f5e9c6e6cea48af192ea8fab4afb3cf72597154b8f08935bc9c7f"
dependencies = [
 "traitobject",
]

[[package]]
name = "url"
version = "1.7.1"
source = "registry+https://github.com/rust-lang/crates.io-index"
checksum = "2a321979c09843d272956e73700d12c4e7d3d92b2ee112b31548aef0d4efc5a6"
dependencies = [
 "idna",
 "matches",
 "percent-encoding",
]

[[package]]
name = "url_serde"
version = "0.2.0"
source = "registry+https://github.com/rust-lang/crates.io-index"
checksum = "74e7d099f1ee52f823d4bdd60c93c3602043c728f5db3b97bdb548467f7bddea"
dependencies = [
 "serde",
 "url",
]

[[package]]
name = "utf8-ranges"
version = "1.0.0"
source = "registry+https://github.com/rust-lang/crates.io-index"
checksum = "662fab6525a98beff2921d7f61a39e7d59e0b425ebc7d0d9e66d316e55124122"

[[package]]
name = "uuid"
version = "0.6.5"
source = "registry+https://github.com/rust-lang/crates.io-index"
checksum = "e1436e58182935dcd9ce0add9ea0b558e8a87befe01c1a301e6020aeb0876363"
dependencies = [
 "cfg-if 0.1.4",
 "rand 0.4.2",
 "serde",
]

[[package]]
name = "vcpkg"
version = "0.2.6"
source = "registry+https://github.com/rust-lang/crates.io-index"
checksum = "def296d3eb3b12371b2c7d0e83bfe1403e4db2d7a0bba324a12b21c4ee13143d"

[[package]]
name = "version_check"
version = "0.1.4"
source = "registry+https://github.com/rust-lang/crates.io-index"
checksum = "7716c242968ee87e5542f8021178248f267f295a5c4803beae8b8b7fd9bc6051"

[[package]]
name = "void"
version = "1.0.2"
source = "registry+https://github.com/rust-lang/crates.io-index"
checksum = "6a02e4885ed3bc0f2de90ea6dd45ebcbb66dacffe03547fadbb0eeae2770887d"

[[package]]
name = "want"
version = "0.0.5"
source = "registry+https://github.com/rust-lang/crates.io-index"
checksum = "2fffe09593e18ed34950d66dbf44c27deb2e03f3905c493f0641f9f99a3f2349"
dependencies = [
 "futures",
 "log",
 "try-lock",
]

[[package]]
name = "winapi"
version = "0.2.8"
source = "registry+https://github.com/rust-lang/crates.io-index"
checksum = "167dc9d6949a9b857f3451275e911c3f44255842c1f7a76f33c55103a909087a"

[[package]]
name = "winapi"
version = "0.3.5"
source = "registry+https://github.com/rust-lang/crates.io-index"
checksum = "773ef9dcc5f24b7d850d0ff101e542ff24c3b090a9768e03ff889fdef41f00fd"
dependencies = [
 "winapi-i686-pc-windows-gnu",
 "winapi-x86_64-pc-windows-gnu",
]

[[package]]
name = "winapi-build"
version = "0.1.1"
source = "registry+https://github.com/rust-lang/crates.io-index"
checksum = "2d315eee3b34aca4797b2da6b13ed88266e6d612562a0c46390af8299fc699bc"

[[package]]
name = "winapi-i686-pc-windows-gnu"
version = "0.4.0"
source = "registry+https://github.com/rust-lang/crates.io-index"
checksum = "ac3b87c63620426dd9b991e5ce0329eff545bccbbb34f3be09ff6fb6ab51b7b6"

[[package]]
name = "winapi-x86_64-pc-windows-gnu"
version = "0.4.0"
source = "registry+https://github.com/rust-lang/crates.io-index"
checksum = "712e227841d057c1ee1cd2fb22fa7e5a5461ae8e48fa2ca79ec42cfc1931183f"

[[package]]
name = "wincolor"
version = "0.1.6"
source = "registry+https://github.com/rust-lang/crates.io-index"
checksum = "eeb06499a3a4d44302791052df005d5232b927ed1a9658146d842165c4de7767"
dependencies = [
 "winapi 0.3.5",
]

[[package]]
name = "ws2_32-sys"
version = "0.2.1"
source = "registry+https://github.com/rust-lang/crates.io-index"
checksum = "d59cefebd0c892fa2dd6de581e937301d8552cb44489cdff035c6187cb63fa5e"
dependencies = [
 "winapi 0.2.8",
 "winapi-build",
]

[[package]]
name = "yaml-rust"
version = "0.4.0"
source = "registry+https://github.com/rust-lang/crates.io-index"
checksum = "57ab38ee1a4a266ed033496cf9af1828d8d6e6c1cfa5f643a2809effcae4d628"
dependencies = [
 "linked-hash-map",
]

[[package]]
name = "zipkin"
version = "0.3.1"
source = "registry+https://github.com/rust-lang/crates.io-index"
checksum = "05243ac84770fb2597ea5904586e1a623e37266319f35d8a6cf790d3408fc30f"
dependencies = [
 "log",
 "rand 0.5.5",
 "thread-local-object",
 "zipkin-types",
]

[[package]]
name = "zipkin-types"
version = "0.1.0"
source = "registry+https://github.com/rust-lang/crates.io-index"
checksum = "daea6189557992dcad925fd8cd069f3cf6f85a731c65561d648009d73d7bd489"
dependencies = [
 "data-encoding",
]
